
Microsoft Visual Studio Solution File, Format Version 12.00
Project("{FAE04EC0-301F-11D3-BF4B-00C04F79EFBC}") = "exo-planet_explorer_CA3", "exo-planet_explorer_CA3\exo-planet_explorer_CA3.csproj", "{1AB41CEE-55E9-4912-A63A-975395BD159F}"
EndProject
Global
	GlobalSection(SolutionConfigurationPlatforms) = preSolution
		Debug|Any CPU = Debug|Any CPU
		Release|Any CPU = Release|Any CPU
	EndGlobalSection
	GlobalSection(ProjectConfigurationPlatforms) = postSolution
		{1AB41CEE-55E9-4912-A63A-975395BD159F}.Debug|Any CPU.ActiveCfg = Debug|Any CPU
		{1AB41CEE-55E9-4912-A63A-975395BD159F}.Debug|Any CPU.Build.0 = Debug|Any CPU
		{1AB41CEE-55E9-4912-A63A-975395BD159F}.Release|Any CPU.ActiveCfg = Release|Any CPU
		{1AB41CEE-55E9-4912-A63A-975395BD159F}.Release|Any CPU.Build.0 = Release|Any CPU
	EndGlobalSection
EndGlobal
